
Microsoft Visual Studio Solution File, Format Version 12.00
# Visual Studio Version 17
VisualStudioVersion = 17.11.35327.3
MinimumVisualStudioVersion = 10.0.40219.1
Project("{8BC9CEB8-8B4A-11D0-8D11-00A0C91BC942}") = "Debug", "Debug\Debug.vcxproj", "{234FDF42-A482-450C-AAAD-4824EE51426C}"
	ProjectSection(ProjectDependencies) = postProject
		{2F981955-DAC5-4634-9317-2CB292EFF356} = {2F981955-DAC5-4634-9317-2CB292EFF356}
	EndProjectSection
EndProject
Project("{8BC9CEB8-8B4A-11D0-8D11-00A0C91BC942}") = "Action", "Action\Action.vcxproj", "{1FEF72A9-7E07-4A31-8086-1310AA867C90}"
EndProject
Project("{FAE04EC0-301F-11D3-BF4B-00C04F79EFBC}") = "Plugin_RollCaller", "Plugin_RollCaller\Plugin_RollCaller.csproj", "{AB51CFF0-A97D-4F2F-D053-CF4208921824}"
EndProject
Project("{8BC9CEB8-8B4A-11D0-8D11-00A0C91BC942}") = "Core", "Core\Core.vcxproj", "{2F981955-DAC5-4634-9317-2CB292EFF356}"
EndProject
Global
	GlobalSection(SolutionConfigurationPlatforms) = preSolution
		Debug|Any CPU = Debug|Any CPU
		Debug|x64 = Debug|x64
		Debug|x86 = Debug|x86
		Release|Any CPU = Release|Any CPU
		Release|x64 = Release|x64
		Release|x86 = Release|x86
	EndGlobalSection
	GlobalSection(ProjectConfigurationPlatforms) = postSolution
		{234FDF42-A482-450C-AAAD-4824EE51426C}.Debug|Any CPU.ActiveCfg = Debug|x64
		{234FDF42-A482-450C-AAAD-4824EE51426C}.Debug|Any CPU.Build.0 = Debug|x64
		{234FDF42-A482-450C-AAAD-4824EE51426C}.Debug|x64.ActiveCfg = Debug|x64
		{234FDF42-A482-450C-AAAD-4824EE51426C}.Debug|x64.Build.0 = Debug|x64
		{234FDF42-A482-450C-AAAD-4824EE51426C}.Debug|x86.ActiveCfg = Debug|Win32
		{234FDF42-A482-450C-AAAD-4824EE51426C}.Debug|x86.Build.0 = Debug|Win32
		{234FDF42-A482-450C-AAAD-4824EE51426C}.Release|Any CPU.ActiveCfg = Release|x64
		{234FDF42-A482-450C-AAAD-4824EE51426C}.Release|Any CPU.Build.0 = Release|x64
		{234FDF42-A482-450C-AAAD-4824EE51426C}.Release|x64.ActiveCfg = Release|x64
		{234FDF42-A482-450C-AAAD-4824EE51426C}.Release|x64.Build.0 = Release|x64
		{234FDF42-A482-450C-AAAD-4824EE51426C}.Release|x86.ActiveCfg = Release|Win32
		{234FDF42-A482-450C-AAAD-4824EE51426C}.Release|x86.Build.0 = Release|Win32
		{1FEF72A9-7E07-4A31-8086-1310AA867C90}.Debug|Any CPU.ActiveCfg = Debug|x64
		{1FEF72A9-7E07-4A31-8086-1310AA867C90}.Debug|Any CPU.Build.0 = Debug|x64
		{1FEF72A9-7E07-4A31-8086-1310AA867C90}.Debug|x64.ActiveCfg = Debug|x64
		{1FEF72A9-7E07-4A31-8086-1310AA867C90}.Debug|x64.Build.0 = Debug|x64
		{1FEF72A9-7E07-4A31-8086-1310AA867C90}.Debug|x86.ActiveCfg = Debug|Win32
		{1FEF72A9-7E07-4A31-8086-1310AA867C90}.Debug|x86.Build.0 = Debug|Win32
		{1FEF72A9-7E07-4A31-8086-1310AA867C90}.Release|Any CPU.ActiveCfg = Release|x64
		{1FEF72A9-7E07-4A31-8086-1310AA867C90}.Release|Any CPU.Build.0 = Release|x64
		{1FEF72A9-7E07-4A31-8086-1310AA867C90}.Release|x64.ActiveCfg = Release|x64
		{1FEF72A9-7E07-4A31-8086-1310AA867C90}.Release|x64.Build.0 = Release|x64
		{1FEF72A9-7E07-4A31-8086-1310AA867C90}.Release|x86.ActiveCfg = Release|Win32
		{1FEF72A9-7E07-4A31-8086-1310AA867C90}.Release|x86.Build.0 = Release|Win32
		{AB51CFF0-A97D-4F2F-D053-CF4208921824}.Debug|Any CPU.ActiveCfg = Debug|Any CPU
		{AB51CFF0-A97D-4F2F-D053-CF4208921824}.Debug|Any CPU.Build.0 = Debug|Any CPU
		{AB51CFF0-A97D-4F2F-D053-CF4208921824}.Debug|x64.ActiveCfg = Debug|Any CPU
		{AB51CFF0-A97D-4F2F-D053-CF4208921824}.Debug|x64.Build.0 = Debug|Any CPU
		{AB51CFF0-A97D-4F2F-D053-CF4208921824}.Debug|x86.ActiveCfg = Debug|Any CPU
		{AB51CFF0-A97D-4F2F-D053-CF4208921824}.Debug|x86.Build.0 = Debug|Any CPU
		{AB51CFF0-A97D-4F2F-D053-CF4208921824}.Release|Any CPU.ActiveCfg = Release|Any CPU
		{AB51CFF0-A97D-4F2F-D053-CF4208921824}.Release|Any CPU.Build.0 = Release|Any CPU
		{AB51CFF0-A97D-4F2F-D053-CF4208921824}.Release|x64.ActiveCfg = Release|Any CPU
		{AB51CFF0-A97D-4F2F-D053-CF4208921824}.Release|x64.Build.0 = Release|Any CPU
		{AB51CFF0-A97D-4F2F-D053-CF4208921824}.Release|x86.ActiveCfg = Release|Any CPU
		{AB51CFF0-A97D-4F2F-D053-CF4208921824}.Release|x86.Build.0 = Release|Any CPU
		{2F981955-DAC5-4634-9317-2CB292EFF356}.Debug|Any CPU.ActiveCfg = Debug|x64
		{2F981955-DAC5-4634-9317-2CB292EFF356}.Debug|Any CPU.Build.0 = Debug|x64
		{2F981955-DAC5-4634-9317-2CB292EFF356}.Debug|x64.ActiveCfg = Debug|x64
		{2F981955-DAC5-4634-9317-2CB292EFF356}.Debug|x64.Build.0 = Debug|x64
		{2F981955-DAC5-4634-9317-2CB292EFF356}.Debug|x86.ActiveCfg = Debug|Win32
		{2F981955-DAC5-4634-9317-2CB292EFF356}.Debug|x86.Build.0 = Debug|Win32
		{2F981955-DAC5-4634-9317-2CB292EFF356}.Release|Any CPU.ActiveCfg = Release|x64
		{2F981955-DAC5-4634-9317-2CB292EFF356}.Release|Any CPU.Build.0 = Release|x64
		{2F981955-DAC5-4634-9317-2CB292EFF356}.Release|x64.ActiveCfg = Release|x64
		{2F981955-DAC5-4634-9317-2CB292EFF356}.Release|x64.Build.0 = Release|x64
		{2F981955-DAC5-4634-9317-2CB292EFF356}.Release|x86.ActiveCfg = Release|Win32
		{2F981955-DAC5-4634-9317-2CB292EFF356}.Release|x86.Build.0 = Release|Win32
	EndGlobalSection
	GlobalSection(SolutionProperties) = preSolution
		HideSolutionNode = FALSE
	EndGlobalSection
	GlobalSection(ExtensibilityGlobals) = postSolution
		SolutionGuid = {C988ACB3-103A-4AA0-BEB8-EE9C554CFA0E}
	EndGlobalSection
EndGlobal
